# generated by rye
# use `rye lock` or `rye sync` to update this lockfile
#
# last locked with the following flags:
#   pre: false
#   features: []
#   all-features: false

-e file:.
iniconfig==2.0.0
mpyq==0.2.5
packaging==23.1
pillow==10.0.0
pluggy==1.3.0
pytest==7.4.2
sc2reader @ git+https://github.com/ggtracker/sc2reader.git@upstream
